
Microsoft Visual Studio Solution File, Format Version 12.00
# Visual Studio Version 17
VisualStudioVersion = 17.4.33205.214
MinimumVisualStudioVersion = 10.0.40219.1
Project("{9A19103F-16F7-4668-BE54-9A1E7A4F7556}") = "EgitimTalepDegerlendirmeSureci", "EgitimTalepDegerlendirmeSureci.csproj", "{6072BCD1-A526-48EA-B89A-E4563CC92A29}"
EndProject
Global
	GlobalSection(SolutionConfigurationPlatforms) = preSolution
		Debug|Any CPU = Debug|Any CPU
		Release|Any CPU = Release|Any CPU
	EndGlobalSection
	GlobalSection(ProjectConfigurationPlatforms) = postSolution
		{6072BCD1-A526-48EA-B89A-E4563CC92A29}.Debug|Any CPU.ActiveCfg = Debug|Any CPU
		{6072BCD1-A526-48EA-B89A-E4563CC92A29}.Debug|Any CPU.Build.0 = Debug|Any CPU
		{6072BCD1-A526-48EA-B89A-E4563CC92A29}.Release|Any CPU.ActiveCfg = Release|Any CPU
		{6072BCD1-A526-48EA-B89A-E4563CC92A29}.Release|Any CPU.Build.0 = Release|Any CPU
	EndGlobalSection
	GlobalSection(SolutionProperties) = preSolution
		HideSolutionNode = FALSE
	EndGlobalSection
	GlobalSection(ExtensibilityGlobals) = postSolution
		SolutionGuid = {1FAE7C93-F364-449D-9FE4-E62C8D7C32CA}
	EndGlobalSection
EndGlobal
